github.com/barandemirbas/open-with v1.0.5 h1:2shzls8tX5I0COI+0bFEenHNjtLs1rIdCY10CSJcqTw=
github.com/barandemirbas/open-with v1.0.5/go.mod h1:E9d5OEd8TBswA60yrdcPhxtGihb3l02zVhMo0i1Pt6g=
github.com/dietsche/rfsnotify v0.0.0-20200716145600-b37be6e4177f h1:b3QvpXLSx1U13VM79rSkA+6Xv4lmT/urEMzA36Yma0U=
github.com/dietsche/rfsnotify v0.0.0-20200716145600-b37be6e4177f/go.mod h1:ztitxkMUaBsHRey1tS5xFCd4gm/zAQwA9yfCP5y4cAA=
github.com/fsnotify/fsnotify v1.4.9 h1:hsms1Qyu0jgnwNXIxa+/V/PDsU6CfLf6CNO8H7IWoS4=
github.com/fsnotify/fsnotify v1.4.9/go.mod h1:znqG4EE+3YCdAaPaxE2ZRY/06pZUdp0tY4IgpuI1SZQ=
github.com/gorilla/websocket v1.4.2 h1:+/TMaTYc4QFitKJxsQ7Yye35DkWvkdLcvGKqM+x0Ufc=
github.com/gorilla/websocket v1.4.2/go.mod h1:YR8l580nyteQvAITg2hZ9XVh4b55+EU/adAjf1fMHhE=
golang.org/x/sys v0.0.0-20191005200804-aed5e4c7ecf9/go.mod h1:h1NjWce9XRLGQEsW7wpKNCjG9DtNlClVuFLEZdDNbEs=
golang.org/x/sys v0.0.0-20210816074244-15123e1e1f71 h1:ikCpsnYR+Ew0vu99XlDp55lGgDJdIMx3f4a18jfse/s=
golang.org/x/sys v0.0.0-20210816074244-15123e1e1f71/go.mod h1:oPkhp1MJrh7nUepCBck5+mAzfO9JrbApNNgaTdGDITg=
gopkg.in/fsnotify.v1 v1.4.7 h1:xOHLXZwVvI9hhs+cLKq5+I5onOuwQLhQwiu63xxlHs4=
gopkg.in/fsnotify.v1 v1.4.7/go.mod h1:Tz8NjZHkW78fSQdbUxIjBTcgA1z1m8ZHf0WmKUhAMys=
